
Microsoft Visual Studio Solution File, Format Version 12.00
# Visual Studio 14
VisualStudioVersion = 14.0.25420.1
MinimumVisualStudioVersion = 10.0.40219.1
Project("{FAE04EC0-301F-11D3-BF4B-00C04F79EFBC}") = "kbam+", "kbam+\kbam+.csproj", "{3955E0FA-B5E5-4537-89A9-0C871CF8AE15}"
EndProject
Project("{FAE04EC0-301F-11D3-BF4B-00C04F79EFBC}") = "updater", "updater\updater.csproj", "{C04B3791-317D-4254-9025-FED9B2249B84}"
EndProject
Project("{FAE04EC0-301F-11D3-BF4B-00C04F79EFBC}") = "comp+", "comp+\comp+.csproj", "{31584A27-465A-4448-B26F-135942532948}"
EndProject
Global
	GlobalSection(SolutionConfigurationPlatforms) = preSolution
		Debug|Any CPU = Debug|Any CPU
		Release|Any CPU = Release|Any CPU
	EndGlobalSection
	GlobalSection(ProjectConfigurationPlatforms) = postSolution
		{3955E0FA-B5E5-4537-89A9-0C871CF8AE15}.Debug|Any CPU.ActiveCfg = Debug|Any CPU
		{3955E0FA-B5E5-4537-89A9-0C871CF8AE15}.Debug|Any CPU.Build.0 = Debug|Any CPU
		{3955E0FA-B5E5-4537-89A9-0C871CF8AE15}.Release|Any CPU.ActiveCfg = Release|Any CPU
		{3955E0FA-B5E5-4537-89A9-0C871CF8AE15}.Release|Any CPU.Build.0 = Release|Any CPU
		{C04B3791-317D-4254-9025-FED9B2249B84}.Debug|Any CPU.ActiveCfg = Debug|Any CPU
		{C04B3791-317D-4254-9025-FED9B2249B84}.Debug|Any CPU.Build.0 = Debug|Any CPU
		{C04B3791-317D-4254-9025-FED9B2249B84}.Release|Any CPU.ActiveCfg = Release|Any CPU
		{C04B3791-317D-4254-9025-FED9B2249B84}.Release|Any CPU.Build.0 = Release|Any CPU
		{31584A27-465A-4448-B26F-135942532948}.Debug|Any CPU.ActiveCfg = Debug|Any CPU
		{31584A27-465A-4448-B26F-135942532948}.Debug|Any CPU.Build.0 = Debug|Any CPU
		{31584A27-465A-4448-B26F-135942532948}.Release|Any CPU.ActiveCfg = Release|Any CPU
		{31584A27-465A-4448-B26F-135942532948}.Release|Any CPU.Build.0 = Release|Any CPU
	EndGlobalSection
	GlobalSection(SolutionProperties) = preSolution
		HideSolutionNode = FALSE
	EndGlobalSection
EndGlobal
